// !$*UTF8*$!
{
	archiveVersion = 1;
	classes = {
	};
	objectVersion = 55;
	objects = {

/* Begin PBXAggregateTarget section */
		2307D94E27856CF60011C9CC /* All Demos */ = {
			isa = PBXAggregateTarget;
			buildConfigurationList = 2307D94F27856CF60011C9CC /* Build configuration list for PBXAggregateTarget "All Demos" */;
			buildPhases = (
			);
			dependencies = (
				2307D95327856CFF0011C9CC /* PBXTargetDependency */,
				2307D95527856CFF0011C9CC /* PBXTargetDependency */,
			);
			name = "All Demos";
			productName = "All Demos";
		};
/* End PBXAggregateTarget section */

/* Begin PBXBuildFile section */
		2327C09427852DB80064D988 /* AppDelegate.m in Sources */ = {isa = PBXBuildFile; fileRef = 2327C09327852DB80064D988 /* AppDelegate.m */; };
		2327C09727852DB80064D988 /* ViewController.m in Sources */ = {isa = PBXBuildFile; fileRef = 2327C09627852DB80064D988 /* ViewController.m */; };
		2327C09927852DB90064D988 /* Assets.xcassets in Resources */ = {isa = PBXBuildFile; fileRef = 2327C09827852DB90064D988 /* Assets.xcassets */; };
		2327C09C27852DB90064D988 /* Main.storyboard in Resources */ = {isa = PBXBuildFile; fileRef = 2327C09A27852DB90064D988 /* Main.storyboard */; };
		2327C09E27852DB90064D988 /* main.m in Sources */ = {isa = PBXBuildFile; fileRef = 2327C09D27852DB90064D988 /* main.m */; };
		2327C0A527852DCF0064D988 /* AppKitFocusOverlay in Frameworks */ = {isa = PBXBuildFile; productRef = 2327C0A427852DCF0064D988 /* AppKitFocusOverlay */; };
		23C2E0B1277E8812007D5CF0 /* AppDelegate.swift in Sources */ = {isa = PBXBuildFile; fileRef = 23C2E0B0277E8812007D5CF0 /* AppDelegate.swift */; };
		23C2E0B3277E8812007D5CF0 /* ViewController.swift in Sources */ = {isa = PBXBuildFile; fileRef = 23C2E0B2277E8812007D5CF0 /* ViewController.swift */; };
		23C2E0B5277E8814007D5CF0 /* Assets.xcassets in Resources */ = {isa = PBXBuildFile; fileRef = 23C2E0B4277E8814007D5CF0 /* Assets.xcassets */; };
		23C2E0B8277E8814007D5CF0 /* Main.storyboard in Resources */ = {isa = PBXBuildFile; fileRef = 23C2E0B6277E8814007D5CF0 /* Main.storyboard */; };
		23E8CDFE27811B2A00E7D58F /* AppKitFocusOverlay in Frameworks */ = {isa = PBXBuildFile; productRef = 23E8CDFD27811B2A00E7D58F /* AppKitFocusOverlay */; };
/* End PBXBuildFile section */

/* Begin PBXContainerItemProxy section */
		2307D95227856CFF0011C9CC /* PBXContainerItemProxy */ = {
			isa = PBXContainerItemProxy;
			containerPortal = 23C2E0A5277E8812007D5CF0 /* Project object */;
			proxyType = 1;
			remoteGlobalIDString = 2327C08F27852DB80064D988;
			remoteInfo = "AppKitFocusOverlay Objc Demo";
		};
		2307D95427856CFF0011C9CC /* PBXContainerItemProxy */ = {
			isa = PBXContainerItemProxy;
			containerPortal = 23C2E0A5277E8812007D5CF0 /* Project object */;
			proxyType = 1;
			remoteGlobalIDString = 23C2E0AC277E8812007D5CF0;
			remoteInfo = "AppKitFocusPathDisplay Demo";
		};
/* End PBXContainerItemProxy section */

/* Begin PBXFileReference section */
		2327C09027852DB80064D988 /* AppKitFocusOverlay Objc Demo.app */ = {isa = PBXFileReference; explicitFileType = wrapper.application; includeInIndex = 0; path = "AppKitFocusOverlay Objc Demo.app"; sourceTree = BUILT_PRODUCTS_DIR; };
		2327C09227852DB80064D988 /* AppDelegate.h */ = {isa = PBXFileReference; lastKnownFileType = sourcecode.c.h; path = AppDelegate.h; sourceTree = "<group>"; };
		2327C09327852DB80064D988 /* AppDelegate.m */ = {isa = PBXFileReference; lastKnownFileType = sourcecode.c.objc; path = AppDelegate.m; sourceTree = "<group>"; };
		2327C09527852DB80064D988 /* ViewController.h */ = {isa = PBXFileReference; lastKnownFileType = sourcecode.c.h; path = ViewController.h; sourceTree = "<group>"; };
		2327C09627852DB80064D988 /* ViewController.m */ = {isa = PBXFileReference; lastKnownFileType = sourcecode.c.objc; path = ViewController.m; sourceTree = "<group>"; };
		2327C09827852DB90064D988 /* Assets.xcassets */ = {isa = PBXFileReference; lastKnownFileType = folder.assetcatalog; path = Assets.xcassets; sourceTree = "<group>"; };
		2327C09B27852DB90064D988 /* Base */ = {isa = PBXFileReference; lastKnownFileType = file.storyboard; name = Base; path = Base.lproj/Main.storyboard; sourceTree = "<group>"; };
		2327C09D27852DB90064D988 /* main.m */ = {isa = PBXFileReference; lastKnownFileType = sourcecode.c.objc; path = main.m; sourceTree = "<group>"; };
		2327C09F27852DB90064D988 /* AppKitFocusOverlay_Objc_Demo.entitlements */ = {isa = PBXFileReference; lastKnownFileType = text.plist.entitlements; path = AppKitFocusOverlay_Objc_Demo.entitlements; sourceTree = "<group>"; };
		2327C0A327852DC90064D988 /* AppKitFocusOverlay-Objc-Demo-Info.plist */ = {isa = PBXFileReference; lastKnownFileType = text.plist; path = "AppKitFocusOverlay-Objc-Demo-Info.plist"; sourceTree = SOURCE_ROOT; };
		23C2E0AD277E8812007D5CF0 /* AppKitFocusPathDisplay Demo.app */ = {isa = PBXFileReference; explicitFileType = wrapper.application; includeInIndex = 0; path = "AppKitFocusPathDisplay Demo.app"; sourceTree = BUILT_PRODUCTS_DIR; };
		23C2E0B0277E8812007D5CF0 /* AppDelegate.swift */ = {isa = PBXFileReference; lastKnownFileType = sourcecode.swift; path = AppDelegate.swift; sourceTree = "<group>"; };
		23C2E0B2277E8812007D5CF0 /* ViewController.swift */ = {isa = PBXFileReference; lastKnownFileType = sourcecode.swift; path = ViewController.swift; sourceTree = "<group>"; };
		23C2E0B4277E8814007D5CF0 /* Assets.xcassets */ = {isa = PBXFileReference; lastKnownFileType = folder.assetcatalog; path = Assets.xcassets; sourceTree = "<group>"; };
		23C2E0B7277E8814007D5CF0 /* Base */ = {isa = PBXFileReference; lastKnownFileType = file.storyboard; name = Base; path = Base.lproj/Main.storyboard; sourceTree = "<group>"; };
		23C2E0B9277E8814007D5CF0 /* AppKitFocusPathDisplay_Demo.entitlements */ = {isa = PBXFileReference; lastKnownFileType = text.plist.entitlements; path = AppKitFocusPathDisplay_Demo.entitlements; sourceTree = "<group>"; };
		23E8CDFC27811B2200E7D58F /* AppKitFocusOverlay */ = {isa = PBXFileReference; lastKnownFileType = wrapper; name = AppKitFocusOverlay; path = ../..; sourceTree = "<group>"; };
/* End PBXFileReference section */

/* Begin PBXFrameworksBuildPhase section */
		2327C08D27852DB80064D988 /* Frameworks */ = {
			isa = PBXFrameworksBuildPhase;
			buildActionMask = 2147483647;
			files = (
				2327C0A527852DCF0064D988 /* AppKitFocusOverlay in Frameworks */,
			);
			runOnlyForDeploymentPostprocessing = 0;
		};
		23C2E0AA277E8812007D5CF0 /* Frameworks */ = {
			isa = PBXFrameworksBuildPhase;
			buildActionMask = 2147483647;
			files = (
				23E8CDFE27811B2A00E7D58F /* AppKitFocusOverlay in Frameworks */,
			);
			runOnlyForDeploymentPostprocessing = 0;
		};
/* End PBXFrameworksBuildPhase section */

/* Begin PBXGroup section */
		2327C09127852DB80064D988 /* AppKitFocusOverlay Objc Demo */ = {
			isa = PBXGroup;
			children = (
				2327C0A327852DC90064D988 /* AppKitFocusOverlay-Objc-Demo-Info.plist */,
				2327C09227852DB80064D988 /* AppDelegate.h */,
				2327C09327852DB80064D988 /* AppDelegate.m */,
				2327C09527852DB80064D988 /* ViewController.h */,
				2327C09627852DB80064D988 /* ViewController.m */,
				2327C09827852DB90064D988 /* Assets.xcassets */,
				2327C09A27852DB90064D988 /* Main.storyboard */,
				2327C09D27852DB90064D988 /* main.m */,
				2327C09F27852DB90064D988 /* AppKitFocusOverlay_Objc_Demo.entitlements */,
			);
			path = "AppKitFocusOverlay Objc Demo";
			sourceTree = "<group>";
		};
		23C2E0A4277E8812007D5CF0 = {
			isa = PBXGroup;
			children = (
				23E8CDFC27811B2200E7D58F /* AppKitFocusOverlay */,
				23C2E0AF277E8812007D5CF0 /* AppKitFocusPathDisplay Demo */,
				2327C09127852DB80064D988 /* AppKitFocusOverlay Objc Demo */,
				23C2E0AE277E8812007D5CF0 /* Products */,
				23C2E0C0277E8843007D5CF0 /* Frameworks */,
			);
			sourceTree = "<group>";
		};
		23C2E0AE277E8812007D5CF0 /* Products */ = {
			isa = PBXGroup;
			children = (
				23C2E0AD277E8812007D5CF0 /* AppKitFocusPathDisplay Demo.app */,
				2327C09027852DB80064D988 /* AppKitFocusOverlay Objc Demo.app */,
			);
			name = Products;
			sourceTree = "<group>";
		};
		23C2E0AF277E8812007D5CF0 /* AppKitFocusPathDisplay Demo */ = {
			isa = PBXGroup;
			children = (
				23C2E0B0277E8812007D5CF0 /* AppDelegate.swift */,
				23C2E0B2277E8812007D5CF0 /* ViewController.swift */,
				23C2E0B4277E8814007D5CF0 /* Assets.xcassets */,
				23C2E0B6277E8814007D5CF0 /* Main.storyboard */,
				23C2E0B9277E8814007D5CF0 /* AppKitFocusPathDisplay_Demo.entitlements */,
			);
			path = "AppKitFocusPathDisplay Demo";
			sourceTree = "<group>";
		};
		23C2E0C0277E8843007D5CF0 /* Frameworks */ = {
			isa = PBXGroup;
			children = (
			);
			name = Frameworks;
			sourceTree = "<group>";
		};
/* End PBXGroup section */

/* Begin PBXNativeTarget section */
		2327C08F27852DB80064D988 /* AppKitFocusOverlay Objc Demo */ = {
			isa = PBXNativeTarget;
			buildConfigurationList = 2327C0A227852DB90064D988 /* Build configuration list for PBXNativeTarget "AppKitFocusOverlay Objc Demo" */;
			buildPhases = (
				2327C08C27852DB80064D988 /* Sources */,
				2327C08D27852DB80064D988 /* Frameworks */,
				2327C08E27852DB80064D988 /* Resources */,
			);
			buildRules = (
			);
			dependencies = (
			);
			name = "AppKitFocusOverlay Objc Demo";
			packageProductDependencies = (
				2327C0A427852DCF0064D988 /* AppKitFocusOverlay */,
			);
			productName = "AppKitFocusOverlay Objc Demo";
			productReference = 2327C09027852DB80064D988 /* AppKitFocusOverlay Objc Demo.app */;
			productType = "com.apple.product-type.application";
		};
		23C2E0AC277E8812007D5CF0 /* AppKitFocusPathDisplay Demo */ = {
			isa = PBXNativeTarget;
			buildConfigurationList = 23C2E0BC277E8814007D5CF0 /* Build configuration list for PBXNativeTarget "AppKitFocusPathDisplay Demo" */;
			buildPhases = (
				23C2E0A9277E8812007D5CF0 /* Sources */,
				23C2E0AA277E8812007D5CF0 /* Frameworks */,
				23C2E0AB277E8812007D5CF0 /* Resources */,
			);
			buildRules = (
			);
			dependencies = (
			);
			name = "AppKitFocusPathDisplay Demo";
			packageProductDependencies = (
				23E8CDFD27811B2A00E7D58F /* AppKitFocusOverlay */,
			);
			productName = "AppKitFocusPathDisplay Demo";
			productReference = 23C2E0AD277E8812007D5CF0 /* AppKitFocusPathDisplay Demo.app */;
			productType = "com.apple.product-type.application";
		};
/* End PBXNativeTarget section */

/* Begin PBXProject section */
		23C2E0A5277E8812007D5CF0 /* Project object */ = {
			isa = PBXProject;
			attributes = {
				BuildIndependentTargetsInParallel = 1;
				LastSwiftUpdateCheck = 1320;
				LastUpgradeCheck = 1320;
				TargetAttributes = {
					2307D94E27856CF60011C9CC = {
						CreatedOnToolsVersion = 13.2.1;
					};
					2327C08F27852DB80064D988 = {
						CreatedOnToolsVersion = 13.2.1;
					};
					23C2E0AC277E8812007D5CF0 = {
						CreatedOnToolsVersion = 13.2.1;
					};
				};
			};
			buildConfigurationList = 23C2E0A8277E8812007D5CF0 /* Build configuration list for PBXProject "AppKitFocusPathDisplay Demo" */;
			compatibilityVersion = "Xcode 13.0";
			developmentRegion = en;
			hasScannedForEncodings = 0;
			knownRegions = (
				en,
				Base,
			);
			mainGroup = 23C2E0A4277E8812007D5CF0;
			productRefGroup = 23C2E0AE277E8812007D5CF0 /* Products */;
			projectDirPath = "";
			projectRoot = "";
			targets = (
				23C2E0AC277E8812007D5CF0 /* AppKitFocusPathDisplay Demo */,
				2327C08F27852DB80064D988 /* AppKitFocusOverlay Objc Demo */,
				2307D94E27856CF60011C9CC /* All Demos */,
			);
		};
/* End PBXProject section */

/* Begin PBXResourcesBuildPhase section */
		2327C08E27852DB80064D988 /* Resources */ = {
			isa = PBXResourcesBuildPhase;
			buildActionMask = 2147483647;
			files = (
				2327C09927852DB90064D988 /* Assets.xcassets in Resources */,
				2327C09C27852DB90064D988 /* Main.storyboard in Resources */,
			);
			runOnlyForDeploymentPostprocessing = 0;
		};
		23C2E0AB277E8812007D5CF0 /* Resources */ = {
			isa = PBXResourcesBuildPhase;
			buildActionMask = 2147483647;
			files = (
				23C2E0B5277E8814007D5CF0 /* Assets.xcassets in Resources */,
				23C2E0B8277E8814007D5CF0 /* Main.storyboard in Resources */,
			);
			runOnlyForDeploymentPostprocessing = 0;
		};
/* End PBXResourcesBuildPhase section */

/* Begin PBXSourcesBuildPhase section */
		2327C08C27852DB80064D988 /* Sources */ = {
			isa = PBXSourcesBuildPhase;
			buildActionMask = 2147483647;
			files = (
				2327C09727852DB80064D988 /* ViewController.m in Sources */,
				2327C09E27852DB90064D988 /* main.m in Sources */,
				2327C09427852DB80064D988 /* AppDelegate.m in Sources */,
			);
			runOnlyForDeploymentPostprocessing = 0;
		};
		23C2E0A9277E8812007D5CF0 /* Sources */ = {
			isa = PBXSourcesBuildPhase;
			buildActionMask = 2147483647;
			files = (
				23C2E0B3277E8812007D5CF0 /* ViewController.swift in Sources */,
				23C2E0B1277E8812007D5CF0 /* AppDelegate.swift in Sources */,
			);
			runOnlyForDeploymentPostprocessing = 0;
		};
/* End PBXSourcesBuildPhase section */

/* Begin PBXTargetDependency section */
		2307D95327856CFF0011C9CC /* PBXTargetDependency */ = {
			isa = PBXTargetDependency;
			target = 2327C08F27852DB80064D988 /* AppKitFocusOverlay Objc Demo */;
			targetProxy = 2307D95227856CFF0011C9CC /* PBXContainerItemProxy */;
		};
		2307D95527856CFF0011C9CC /* PBXTargetDependency */ = {
			isa = PBXTargetDependency;
			target = 23C2E0AC277E8812007D5CF0 /* AppKitFocusPathDisplay Demo */;
			targetProxy = 2307D95427856CFF0011C9CC /* PBXContainerItemProxy */;
		};
/* End PBXTargetDependency section */

/* Begin PBXVariantGroup section */
		2327C09A27852DB90064D988 /* Main.storyboard */ = {
			isa = PBXVariantGroup;
			children = (
				2327C09B27852DB90064D988 /* Base */,
			);
			name = Main.storyboard;
			sourceTree = "<group>";
		};
		23C2E0B6277E8814007D5CF0 /* Main.storyboard */ = {
			isa = PBXVariantGroup;
			children = (
				23C2E0B7277E8814007D5CF0 /* Base */,
			);
			name = Main.storyboard;
			sourceTree = "<group>";
		};
/* End PBXVariantGroup section */

/* Begin XCBuildConfiguration section */
		2307D95027856CF60011C9CC /* Debug */ = {
			isa = XCBuildConfiguration;
			buildSettings = {
				CODE_SIGN_STYLE = Automatic;
				DEVELOPMENT_TEAM = 3L6RK3LGGW;
				PRODUCT_NAME = "$(TARGET_NAME)";
			};
			name = Debug;
		};
		2307D95127856CF60011C9CC /* Release */ = {
			isa = XCBuildConfiguration;
			buildSettings = {
				CODE_SIGN_STYLE = Automatic;
				DEVELOPMENT_TEAM = 3L6RK3LGGW;
				PRODUCT_NAME = "$(TARGET_NAME)";
			};
			name = Release;
		};
		2327C0A027852DB90064D988 /* Debug */ = {
			isa = XCBuildConfiguration;
			buildSettings = {
				ALWAYS_EMBED_SWIFT_STANDARD_LIBRARIES = YES;
				ASSETCATALOG_COMPILER_APPICON_NAME = AppIcon;
				ASSETCATALOG_COMPILER_GLOBAL_ACCENT_COLOR_NAME = AccentColor;
				CODE_SIGN_ENTITLEMENTS = "AppKitFocusOverlay Objc Demo/AppKitFocusOverlay_Objc_Demo.entitlements";
				CODE_SIGN_STYLE = Automatic;
				COMBINE_HIDPI_IMAGES = YES;
				CURRENT_PROJECT_VERSION = 1;
				DEVELOPMENT_TEAM = 3L6RK3LGGW;
				ENABLE_HARDENED_RUNTIME = YES;
				GENERATE_INFOPLIST_FILE = YES;
				INFOPLIST_FILE = "AppKitFocusOverlay-Objc-Demo-Info.plist";
				INFOPLIST_KEY_NSHumanReadableCopyright = "";
				INFOPLIST_KEY_NSMainStoryboardFile = Main;
				INFOPLIST_KEY_NSPrincipalClass = NSApplication;
				LD_RUNPATH_SEARCH_PATHS = (
					"$(inherited)",
					"@executable_path/../Frameworks",
				);
				MACOSX_DEPLOYMENT_TARGET = 10.11;
				MARKETING_VERSION = 1.0;
				PRODUCT_BUNDLE_IDENTIFIER = "com.dagronf.AppKitFocusOverlay-Objc-Demo";
				PRODUCT_NAME = "$(TARGET_NAME)";
				SWIFT_EMIT_LOC_STRINGS = YES;
			};
			name = Debug;
		};
		2327C0A127852DB90064D988 /* Release */ = {
			isa = XCBuildConfiguration;
			buildSettings = {
				ALWAYS_EMBED_SWIFT_STANDARD_LIBRARIES = YES;
				ASSETCATALOG_COMPILER_APPICON_NAME = AppIcon;
				ASSETCATALOG_COMPILER_GLOBAL_ACCENT_COLOR_NAME = AccentColor;
				CODE_SIGN_ENTITLEMENTS = "AppKitFocusOverlay Objc Demo/AppKitFocusOverlay_Objc_Demo.entitlements";
				CODE_SIGN_STYLE = Automatic;
				COMBINE_HIDPI_IMAGES = YES;
				CURRENT_PROJECT_VERSION = 1;
				DEVELOPMENT_TEAM = 3L6RK3LGGW;
				ENABLE_HARDENED_RUNTIME = YES;
				GENERATE_INFOPLIST_FILE = YES;
				INFOPLIST_FILE = "AppKitFocusOverlay-Objc-Demo-Info.plist";
				INFOPLIST_KEY_NSHumanReadableCopyright = "";
				INFOPLIST_KEY_NSMainStoryboardFile = Main;
				INFOPLIST_KEY_NSPrincipalClass = NSApplication;
				LD_RUNPATH_SEARCH_PATHS = (
					"$(inherited)",
					"@executable_path/../Frameworks",
				);
				MACOSX_DEPLOYMENT_TARGET = 10.11;
				MARKETING_VERSION = 1.0;
				PRODUCT_BUNDLE_IDENTIFIER = "com.dagronf.AppKitFocusOverlay-Objc-Demo";
				PRODUCT_NAME = "$(TARGET_NAME)";
				SWIFT_EMIT_LOC_STRINGS = YES;
			};
			name = Release;
		};
		23C2E0BA277E8814007D5CF0 /* Debug */ = {
			isa = XCBuildConfiguration;
			buildSettings = {
				ALWAYS_SEARCH_USER_PATHS = NO;
				CLANG_ANALYZER_NONNULL = YES;
				CLANG_ANALYZER_NUMBER_OBJECT_CONVERSION = YES_AGGRESSIVE;
				CLANG_CXX_LANGUAGE_STANDARD = "gnu++17";
				CLANG_CXX_LIBRARY = "libc++";
				CLANG_ENABLE_MODULES = YES;
				CLANG_ENABLE_OBJC_ARC = YES;
				CLANG_ENABLE_OBJC_WEAK = YES;
				CLANG_WARN_BLOCK_CAPTURE_AUTORELEASING = YES;
				CLANG_WARN_BOOL_CONVERSION = YES;
				CLANG_WARN_COMMA = YES;
				CLANG_WARN_CONSTANT_CONVERSION = YES;
				CLANG_WARN_DEPRECATED_OBJC_IMPLEMENTATIONS = YES;
				CLANG_WARN_DIRECT_OBJC_ISA_USAGE = YES_ERROR;
				CLANG_WARN_DOCUMENTATION_COMMENTS = YES;
				CLANG_WARN_EMPTY_BODY = YES;
				CLANG_WARN_ENUM_CONVERSION = YES;
				CLANG_WARN_INFINITE_RECURSION = YES;
				CLANG_WARN_INT_CONVERSION = YES;
				CLANG_WARN_NON_LITERAL_NULL_CONVERSION = YES;
				CLANG_WARN_OBJC_IMPLICIT_RETAIN_SELF = YES;
				CLANG_WARN_OBJC_LITERAL_CONVERSION = YES;
				CLANG_WARN_OBJC_ROOT_CLASS = YES_ERROR;
				CLANG_WARN_QUOTED_INCLUDE_IN_FRAMEWORK_HEADER = YES;
				CLANG_WARN_RANGE_LOOP_ANALYSIS = YES;
				CLANG_WARN_STRICT_PROTOTYPES = YES;
				CLANG_WARN_SUSPICIOUS_MOVE = YES;
				CLANG_WARN_UNGUARDED_AVAILABILITY = YES_AGGRESSIVE;
				CLANG_WARN_UNREACHABLE_CODE = YES;
				CLANG_WARN__DUPLICATE_METHOD_MATCH = YES;
				COPY_PHASE_STRIP = NO;
				DEBUG_INFORMATION_FORMAT = dwarf;
				ENABLE_STRICT_OBJC_MSGSEND = YES;
				ENABLE_TESTABILITY = YES;
				GCC_C_LANGUAGE_STANDARD = gnu11;
				GCC_DYNAMIC_NO_PIC = NO;
				GCC_NO_COMMON_BLOCKS = YES;
				GCC_OPTIMIZATION_LEVEL = 0;
				GCC_PREPROCESSOR_DEFINITIONS = (
					"DEBUG=1",
					"$(inherited)",
				);
				GCC_WARN_64_TO_32_BIT_CONVERSION = YES;
				GCC_WARN_ABOUT_RETURN_TYPE = YES_ERROR;
				GCC_WARN_UNDECLARED_SELECTOR = YES;
				GCC_WARN_UNINITIALIZED_AUTOS = YES_AGGRESSIVE;
				GCC_WARN_UNUSED_FUNCTION = YES;
				GCC_WARN_UNUSED_VARIABLE = YES;
				MACOSX_DEPLOYMENT_TARGET = 10.13;
				MTL_ENABLE_DEBUG_INFO = INCLUDE_SOURCE;
				MTL_FAST_MATH = YES;
				ONLY_ACTIVE_ARCH = YES;
				SDKROOT = macosx;
				SWIFT_ACTIVE_COMPILATION_CONDITIONS = DEBUG;
				SWIFT_OPTIMIZATION_LEVEL = "-Onone";
			};
			name = Debug;
		};
		23C2E0BB277E8814007D5CF0 /* Release */ = {
			isa = XCBuildConfiguration;
			buildSettings = {
				ALWAYS_SEARCH_USER_PATHS = NO;
				CLANG_ANALYZER_NONNULL = YES;
				CLANG_ANALYZER_NUMBER_OBJECT_CONVERSION = YES_AGGRESSIVE;
				CLANG_CXX_LANGUAGE_STANDARD = "gnu++17";
				CLANG_CXX_LIBRARY = "libc++";
				CLANG_ENABLE_MODULES = YES;
				CLANG_ENABLE_OBJC_ARC = YES;
				CLANG_ENABLE_OBJC_WEAK = YES;
				CLANG_WARN_BLOCK_CAPTURE_AUTORELEASING = YES;
				CLANG_WARN_BOOL_CONVERSION = YES;
				CLANG_WARN_COMMA = YES;
				CLANG_WARN_CONSTANT_CONVERSION = YES;
				CLANG_WARN_DEPRECATED_OBJC_IMPLEMENTATIONS = YES;
				CLANG_WARN_DIRECT_OBJC_ISA_USAGE = YES_ERROR;
				CLANG_WARN_DOCUMENTATION_COMMENTS = YES;
				CLANG_WARN_EMPTY_BODY = YES;
				CLANG_WARN_ENUM_CONVERSION = YES;
				CLANG_WARN_INFINITE_RECURSION = YES;
				CLANG_WARN_INT_CONVERSION = YES;
				CLANG_WARN_NON_LITERAL_NULL_CONVERSION = YES;
				CLANG_WARN_OBJC_IMPLICIT_RETAIN_SELF = YES;
				CLANG_WARN_OBJC_LITERAL_CONVERSION = YES;
				CLANG_WARN_OBJC_ROOT_CLASS = YES_ERROR;
				CLANG_WARN_QUOTED_INCLUDE_IN_FRAMEWORK_HEADER = YES;
				CLANG_WARN_RANGE_LOOP_ANALYSIS = YES;
				CLANG_WARN_STRICT_PROTOTYPES = YES;
				CLANG_WARN_SUSPICIOUS_MOVE = YES;
				CLANG_WARN_UNGUARDED_AVAILABILITY = YES_AGGRESSIVE;
				CLANG_WARN_UNREACHABLE_CODE = YES;
				CLANG_WARN__DUPLICATE_METHOD_MATCH = YES;
				COPY_PHASE_STRIP = NO;
				DEBUG_INFORMATION_FORMAT = "dwarf-with-dsym";
				ENABLE_NS_ASSERTIONS = NO;
				ENABLE_STRICT_OBJC_MSGSEND = YES;
				GCC_C_LANGUAGE_STANDARD = gnu11;
				GCC_NO_COMMON_BLOCKS = YES;
				GCC_WARN_64_TO_32_BIT_CONVERSION = YES;
				GCC_WARN_ABOUT_RETURN_TYPE = YES_ERROR;
				GCC_WARN_UNDECLARED_SELECTOR = YES;
				GCC_WARN_UNINITIALIZED_AUTOS = YES_AGGRESSIVE;
				GCC_WARN_UNUSED_FUNCTION = YES;
				GCC_WARN_UNUSED_VARIABLE = YES;
				MACOSX_DEPLOYMENT_TARGET = 10.13;
				MTL_ENABLE_DEBUG_INFO = NO;
				MTL_FAST_MATH = YES;
				SDKROOT = macosx;
				SWIFT_COMPILATION_MODE = wholemodule;
				SWIFT_OPTIMIZATION_LEVEL = "-O";
			};
			name = Release;
		};
		23C2E0BD277E8814007D5CF0 /* Debug */ = {
			isa = XCBuildConfiguration;
			buildSettings = {
				ALWAYS_EMBED_SWIFT_STANDARD_LIBRARIES = YES;
				ASSETCATALOG_COMPILER_APPICON_NAME = AppIcon;
				ASSETCATALOG_COMPILER_GLOBAL_ACCENT_COLOR_NAME = AccentColor;
				CODE_SIGN_ENTITLEMENTS = "AppKitFocusPathDisplay Demo/AppKitFocusPathDisplay_Demo.entitlements";
				CODE_SIGN_STYLE = Automatic;
				COMBINE_HIDPI_IMAGES = YES;
				CURRENT_PROJECT_VERSION = 1;
				DEVELOPMENT_TEAM = "";
				ENABLE_HARDENED_RUNTIME = YES;
				GENERATE_INFOPLIST_FILE = YES;
				INFOPLIST_KEY_NSHumanReadableCopyright = "";
				INFOPLIST_KEY_NSMainStoryboardFile = Main;
				INFOPLIST_KEY_NSPrincipalClass = NSApplication;
				LD_RUNPATH_SEARCH_PATHS = (
					"$(inherited)",
					"@executable_path/../Frameworks",
				);
				MACOSX_DEPLOYMENT_TARGET = 10.13;
				MARKETING_VERSION = 1.0;
				PRODUCT_BUNDLE_IDENTIFIER = "com.dagronf.AppKitFocusOverlay-Demo";
				PRODUCT_NAME = "$(TARGET_NAME)";
				SWIFT_EMIT_LOC_STRINGS = YES;
				SWIFT_VERSION = 5.0;
			};
			name = Debug;
		};
		23C2E0BE277E8814007D5CF0 /* Release */ = {
			isa = XCBuildConfiguration;
			buildSettings = {
				ALWAYS_EMBED_SWIFT_STANDARD_LIBRARIES = YES;
				ASSETCATALOG_COMPILER_APPICON_NAME = AppIcon;
				ASSETCATALOG_COMPILER_GLOBAL_ACCENT_COLOR_NAME = AccentColor;
				CODE_SIGN_ENTITLEMENTS = "AppKitFocusPathDisplay Demo/AppKitFocusPathDisplay_Demo.entitlements";
				CODE_SIGN_STYLE = Automatic;
				COMBINE_HIDPI_IMAGES = YES;
				CURRENT_PROJECT_VERSION = 1;
				DEVELOPMENT_TEAM = "";
				ENABLE_HARDENED_RUNTIME = YES;
				GENERATE_INFOPLIST_FILE = YES;
				INFOPLIST_KEY_NSHumanReadableCopyright = "";
				INFOPLIST_KEY_NSMainStoryboardFile = Main;
				INFOPLIST_KEY_NSPrincipalClass = NSApplication;
				LD_RUNPATH_SEARCH_PATHS = (
					"$(inherited)",
					"@executable_path/../Frameworks",
				);
				MACOSX_DEPLOYMENT_TARGET = 10.13;
				MARKETING_VERSION = 1.0;
				PRODUCT_BUNDLE_IDENTIFIER = "com.dagronf.AppKitFocusOverlay-Demo";
				PRODUCT_NAME = "$(TARGET_NAME)";
				SWIFT_EMIT_LOC_STRINGS = YES;
				SWIFT_VERSION = 5.0;
			};
			name = Release;
		};
/* End XCBuildConfiguration section */

/* Begin XCConfigurationList section */
		2307D94F27856CF60011C9CC /* Build configuration list for PBXAggregateTarget "All Demos" */ = {
			isa = XCConfigurationList;
			buildConfigurations = (
				2307D95027856CF60011C9CC /* Debug */,
				2307D95127856CF60011C9CC /* Release */,
			);
			defaultConfigurationIsVisible = 0;
			defaultConfigurationName = Release;
		};
		2327C0A227852DB90064D988 /* Build configuration list for PBXNativeTarget "AppKitFocusOverlay Objc Demo" */ = {
			isa = XCConfigurationList;
			buildConfigurations = (
				2327C0A027852DB90064D988 /* Debug */,
				2327C0A127852DB90064D988 /* Release */,
			);
			defaultConfigurationIsVisible = 0;
			defaultConfigurationName = Release;
		};
		23C2E0A8277E8812007D5CF0 /* Build configuration list for PBXProject "AppKitFocusPathDisplay Demo" */ = {
			isa = XCConfigurationList;
			buildConfigurations = (
				23C2E0BA277E8814007D5CF0 /* Debug */,
				23C2E0BB277E8814007D5CF0 /* Release */,
			);
			defaultConfigurationIsVisible = 0;
			defaultConfigurationName = Release;
		};
		23C2E0BC277E8814007D5CF0 /* Build configuration list for PBXNativeTarget "AppKitFocusPathDisplay Demo" */ = {
			isa = XCConfigurationList;
			buildConfigurations = (
				23C2E0BD277E8814007D5CF0 /* Debug */,
				23C2E0BE277E8814007D5CF0 /* Release */,
			);
			defaultConfigurationIsVisible = 0;
			defaultConfigurationName = Release;
		};
/* End XCConfigurationList section */

/* Begin XCSwiftPackageProductDependency section */
		2327C0A427852DCF0064D988 /* AppKitFocusOverlay */ = {
			isa = XCSwiftPackageProductDependency;
			productName = AppKitFocusOverlay;
		};
		23E8CDFD27811B2A00E7D58F /* AppKitFocusOverlay */ = {
			isa = XCSwiftPackageProductDependency;
			productName = AppKitFocusOverlay;
		};
/* End XCSwiftPackageProductDependency section */
	};
	rootObject = 23C2E0A5277E8812007D5CF0 /* Project object */;
}
