{
  "object": {
    "pins": [
      {
        "package": "HotKey",
        "repositoryURL": "https://github.com/dagronf/HotKey",
        "state": {
          "branch": null,
          "revision": "31234dfbb4330b90ee10d89fbacb77316781cc06",
          "version": "0.2.0"
        }
      }
    ]
  },
  "version": 1
}
